// !$*UTF8*$!
{
	archiveVersion = 1;
	classes = {
	};
	objectVersion = 55;
	objects = {

/* Begin PBXBuildFile section */
		57C020212778CCBA006A3252 /* MapExampleApp.swift in Sources */ = {isa = PBXBuildFile; fileRef = 57C020202778CCBA006A3252 /* MapExampleApp.swift */; };
		57C020232778CCBA006A3252 /* MapView.swift in Sources */ = {isa = PBXBuildFile; fileRef = 57C020222778CCBA006A3252 /* MapView.swift */; };
		57C020252778CCBE006A3252 /* Assets.xcassets in Resources */ = {isa = PBXBuildFile; fileRef = 57C020242778CCBE006A3252 /* Assets.xcassets */; };
		57C020282778CCBE006A3252 /* Preview Assets.xcassets in Resources */ = {isa = PBXBuildFile; fileRef = 57C020272778CCBE006A3252 /* Preview Assets.xcassets */; };
		57C020322778CCBE006A3252 /* MapExampleTests.swift in Sources */ = {isa = PBXBuildFile; fileRef = 57C020312778CCBE006A3252 /* MapExampleTests.swift */; };
		57C0203C2778CCBE006A3252 /* MapExampleUITests.swift in Sources */ = {isa = PBXBuildFile; fileRef = 57C0203B2778CCBE006A3252 /* MapExampleUITests.swift */; };
		57C0203E2778CCBE006A3252 /* MapExampleUITestsLaunchTests.swift in Sources */ = {isa = PBXBuildFile; fileRef = 57C0203D2778CCBE006A3252 /* MapExampleUITestsLaunchTests.swift */; };
		57C0204B2778D0E4006A3252 /* LocationViewModel.swift in Sources */ = {isa = PBXBuildFile; fileRef = 57C0204A2778D0E4006A3252 /* LocationViewModel.swift */; };
		57C0204E2778D3D5006A3252 /* Span.swift in Sources */ = {isa = PBXBuildFile; fileRef = 57C0204D2778D3D5006A3252 /* Span.swift */; };
		57C020522778D775006A3252 /* GenericError.swift in Sources */ = {isa = PBXBuildFile; fileRef = 57C020512778D775006A3252 /* GenericError.swift */; };
		57C020542778D9E1006A3252 /* DefaultRegion.swift in Sources */ = {isa = PBXBuildFile; fileRef = 57C020532778D9E1006A3252 /* DefaultRegion.swift */; };
		57C020562778DD7B006A3252 /* Utils.swift in Sources */ = {isa = PBXBuildFile; fileRef = 57C020552778DD7B006A3252 /* Utils.swift */; };
		57C020582778DF2F006A3252 /* Settings.bundle in Resources */ = {isa = PBXBuildFile; fileRef = 57C020572778DF2F006A3252 /* Settings.bundle */; };
		57C020632778E46B006A3252 /* LoadingState.swift in Sources */ = {isa = PBXBuildFile; fileRef = 57C020622778E46B006A3252 /* LoadingState.swift */; };
/* End PBXBuildFile section */

/* Begin PBXContainerItemProxy section */
		57C0202E2778CCBE006A3252 /* PBXContainerItemProxy */ = {
			isa = PBXContainerItemProxy;
			containerPortal = 57C020152778CCBA006A3252 /* Project object */;
			proxyType = 1;
			remoteGlobalIDString = 57C0201C2778CCBA006A3252;
			remoteInfo = MapExample;
		};
		57C020382778CCBE006A3252 /* PBXContainerItemProxy */ = {
			isa = PBXContainerItemProxy;
			containerPortal = 57C020152778CCBA006A3252 /* Project object */;
			proxyType = 1;
			remoteGlobalIDString = 57C0201C2778CCBA006A3252;
			remoteInfo = MapExample;
		};
/* End PBXContainerItemProxy section */

/* Begin PBXFileReference section */
		57C0201D2778CCBA006A3252 /* MapExample.app */ = {isa = PBXFileReference; explicitFileType = wrapper.application; includeInIndex = 0; path = MapExample.app; sourceTree = BUILT_PRODUCTS_DIR; };
		57C020202778CCBA006A3252 /* MapExampleApp.swift */ = {isa = PBXFileReference; lastKnownFileType = sourcecode.swift; path = MapExampleApp.swift; sourceTree = "<group>"; };
		57C020222778CCBA006A3252 /* MapView.swift */ = {isa = PBXFileReference; lastKnownFileType = sourcecode.swift; path = MapView.swift; sourceTree = "<group>"; };
		57C020242778CCBE006A3252 /* Assets.xcassets */ = {isa = PBXFileReference; lastKnownFileType = folder.assetcatalog; path = Assets.xcassets; sourceTree = "<group>"; };
		57C020272778CCBE006A3252 /* Preview Assets.xcassets */ = {isa = PBXFileReference; lastKnownFileType = folder.assetcatalog; path = "Preview Assets.xcassets"; sourceTree = "<group>"; };
		57C0202D2778CCBE006A3252 /* MapExampleTests.xctest */ = {isa = PBXFileReference; explicitFileType = wrapper.cfbundle; includeInIndex = 0; path = MapExampleTests.xctest; sourceTree = BUILT_PRODUCTS_DIR; };
		57C020312778CCBE006A3252 /* MapExampleTests.swift */ = {isa = PBXFileReference; lastKnownFileType = sourcecode.swift; path = MapExampleTests.swift; sourceTree = "<group>"; };
		57C020372778CCBE006A3252 /* MapExampleUITests.xctest */ = {isa = PBXFileReference; explicitFileType = wrapper.cfbundle; includeInIndex = 0; path = MapExampleUITests.xctest; sourceTree = BUILT_PRODUCTS_DIR; };
		57C0203B2778CCBE006A3252 /* MapExampleUITests.swift */ = {isa = PBXFileReference; lastKnownFileType = sourcecode.swift; path = MapExampleUITests.swift; sourceTree = "<group>"; };
		57C0203D2778CCBE006A3252 /* MapExampleUITestsLaunchTests.swift */ = {isa = PBXFileReference; lastKnownFileType = sourcecode.swift; path = MapExampleUITestsLaunchTests.swift; sourceTree = "<group>"; };
		57C0204A2778D0E4006A3252 /* LocationViewModel.swift */ = {isa = PBXFileReference; lastKnownFileType = sourcecode.swift; path = LocationViewModel.swift; sourceTree = "<group>"; };
		57C0204C2778D26B006A3252 /* Info.plist */ = {isa = PBXFileReference; lastKnownFileType = text.plist.xml; path = Info.plist; sourceTree = "<group>"; };
		57C0204D2778D3D5006A3252 /* Span.swift */ = {isa = PBXFileReference; lastKnownFileType = sourcecode.swift; path = Span.swift; sourceTree = "<group>"; };
		57C020512778D775006A3252 /* GenericError.swift */ = {isa = PBXFileReference; lastKnownFileType = sourcecode.swift; path = GenericError.swift; sourceTree = "<group>"; };
		57C020532778D9E1006A3252 /* DefaultRegion.swift */ = {isa = PBXFileReference; lastKnownFileType = sourcecode.swift; path = DefaultRegion.swift; sourceTree = "<group>"; };
		57C020552778DD7B006A3252 /* Utils.swift */ = {isa = PBXFileReference; lastKnownFileType = sourcecode.swift; path = Utils.swift; sourceTree = "<group>"; };
		57C020572778DF2F006A3252 /* Settings.bundle */ = {isa = PBXFileReference; lastKnownFileType = "wrapper.plug-in"; path = Settings.bundle; sourceTree = "<group>"; };
		57C020622778E46B006A3252 /* LoadingState.swift */ = {isa = PBXFileReference; lastKnownFileType = sourcecode.swift; path = LoadingState.swift; sourceTree = "<group>"; };
/* End PBXFileReference section */

/* Begin PBXFrameworksBuildPhase section */
		57C0201A2778CCBA006A3252 /* Frameworks */ = {
			isa = PBXFrameworksBuildPhase;
			buildActionMask = 2147483647;
			files = (
			);
			runOnlyForDeploymentPostprocessing = 0;
		};
		57C0202A2778CCBE006A3252 /* Frameworks */ = {
			isa = PBXFrameworksBuildPhase;
			buildActionMask = 2147483647;
			files = (
			);
			runOnlyForDeploymentPostprocessing = 0;
		};
		57C020342778CCBE006A3252 /* Frameworks */ = {
			isa = PBXFrameworksBuildPhase;
			buildActionMask = 2147483647;
			files = (
			);
			runOnlyForDeploymentPostprocessing = 0;
		};
/* End PBXFrameworksBuildPhase section */

/* Begin PBXGroup section */
		57C020142778CCBA006A3252 = {
			isa = PBXGroup;
			children = (
				57C0201F2778CCBA006A3252 /* MapExample */,
				57C020302778CCBE006A3252 /* MapExampleTests */,
				57C0203A2778CCBE006A3252 /* MapExampleUITests */,
				57C0201E2778CCBA006A3252 /* Products */,
			);
			sourceTree = "<group>";
		};
		57C0201E2778CCBA006A3252 /* Products */ = {
			isa = PBXGroup;
			children = (
				57C0201D2778CCBA006A3252 /* MapExample.app */,
				57C0202D2778CCBE006A3252 /* MapExampleTests.xctest */,
				57C020372778CCBE006A3252 /* MapExampleUITests.xctest */,
			);
			name = Products;
			sourceTree = "<group>";
		};
		57C0201F2778CCBA006A3252 /* MapExample */ = {
			isa = PBXGroup;
			children = (
				57C0204C2778D26B006A3252 /* Info.plist */,
				57C020602778E38D006A3252 /* App */,
			);
			path = MapExample;
			sourceTree = "<group>";
		};
		57C020262778CCBE006A3252 /* Preview Content */ = {
			isa = PBXGroup;
			children = (
				57C020272778CCBE006A3252 /* Preview Assets.xcassets */,
			);
			path = "Preview Content";
			sourceTree = "<group>";
		};
		57C020302778CCBE006A3252 /* MapExampleTests */ = {
			isa = PBXGroup;
			children = (
				57C020312778CCBE006A3252 /* MapExampleTests.swift */,
			);
			path = MapExampleTests;
			sourceTree = "<group>";
		};
		57C0203A2778CCBE006A3252 /* MapExampleUITests */ = {
			isa = PBXGroup;
			children = (
				57C0203B2778CCBE006A3252 /* MapExampleUITests.swift */,
				57C0203D2778CCBE006A3252 /* MapExampleUITestsLaunchTests.swift */,
			);
			path = MapExampleUITests;
			sourceTree = "<group>";
		};
		57C0205C2778E345006A3252 /* Modules */ = {
			isa = PBXGroup;
			children = (
				57C0205D2778E34F006A3252 /* MapView */,
			);
			path = Modules;
			sourceTree = "<group>";
		};
		57C0205D2778E34F006A3252 /* MapView */ = {
			isa = PBXGroup;
			children = (
				57C020222778CCBA006A3252 /* MapView.swift */,
				57C0205E2778E361006A3252 /* ViewModels */,
			);
			path = MapView;
			sourceTree = "<group>";
		};
		57C0205E2778E361006A3252 /* ViewModels */ = {
			isa = PBXGroup;
			children = (
				57C0204A2778D0E4006A3252 /* LocationViewModel.swift */,
			);
			path = ViewModels;
			sourceTree = "<group>";
		};
		57C0205F2778E37F006A3252 /* Models */ = {
			isa = PBXGroup;
			children = (
				57C0204D2778D3D5006A3252 /* Span.swift */,
				57C020512778D775006A3252 /* GenericError.swift */,
				57C020532778D9E1006A3252 /* DefaultRegion.swift */,
			);
			path = Models;
			sourceTree = "<group>";
		};
		57C020602778E38D006A3252 /* App */ = {
			isa = PBXGroup;
			children = (
				57C020202778CCBA006A3252 /* MapExampleApp.swift */,
				57C0205C2778E345006A3252 /* Modules */,
				57C0205F2778E37F006A3252 /* Models */,
				57C020612778E3AA006A3252 /* Utils */,
				57C020572778DF2F006A3252 /* Settings.bundle */,
				57C020242778CCBE006A3252 /* Assets.xcassets */,
				57C020262778CCBE006A3252 /* Preview Content */,
			);
			path = App;
			sourceTree = "<group>";
		};
		57C020612778E3AA006A3252 /* Utils */ = {
			isa = PBXGroup;
			children = (
				57C020552778DD7B006A3252 /* Utils.swift */,
				57C020622778E46B006A3252 /* LoadingState.swift */,
			);
			path = Utils;
			sourceTree = "<group>";
		};
/* End PBXGroup section */

/* Begin PBXNativeTarget section */
		57C0201C2778CCBA006A3252 /* MapExample */ = {
			isa = PBXNativeTarget;
			buildConfigurationList = 57C020412778CCBE006A3252 /* Build configuration list for PBXNativeTarget "MapExample" */;
			buildPhases = (
				57C020192778CCBA006A3252 /* Sources */,
				57C0201A2778CCBA006A3252 /* Frameworks */,
				57C0201B2778CCBA006A3252 /* Resources */,
			);
			buildRules = (
			);
			dependencies = (
			);
			name = MapExample;
			productName = MapExample;
			productReference = 57C0201D2778CCBA006A3252 /* MapExample.app */;
			productType = "com.apple.product-type.application";
		};
		57C0202C2778CCBE006A3252 /* MapExampleTests */ = {
			isa = PBXNativeTarget;
			buildConfigurationList = 57C020442778CCBE006A3252 /* Build configuration list for PBXNativeTarget "MapExampleTests" */;
			buildPhases = (
				57C020292778CCBE006A3252 /* Sources */,
				57C0202A2778CCBE006A3252 /* Frameworks */,
				57C0202B2778CCBE006A3252 /* Resources */,
			);
			buildRules = (
			);
			dependencies = (
				57C0202F2778CCBE006A3252 /* PBXTargetDependency */,
			);
			name = MapExampleTests;
			productName = MapExampleTests;
			productReference = 57C0202D2778CCBE006A3252 /* MapExampleTests.xctest */;
			productType = "com.apple.product-type.bundle.unit-test";
		};
		57C020362778CCBE006A3252 /* MapExampleUITests */ = {
			isa = PBXNativeTarget;
			buildConfigurationList = 57C020472778CCBE006A3252 /* Build configuration list for PBXNativeTarget "MapExampleUITests" */;
			buildPhases = (
				57C020332778CCBE006A3252 /* Sources */,
				57C020342778CCBE006A3252 /* Frameworks */,
				57C020352778CCBE006A3252 /* Resources */,
			);
			buildRules = (
			);
			dependencies = (
				57C020392778CCBE006A3252 /* PBXTargetDependency */,
			);
			name = MapExampleUITests;
			productName = MapExampleUITests;
			productReference = 57C020372778CCBE006A3252 /* MapExampleUITests.xctest */;
			productType = "com.apple.product-type.bundle.ui-testing";
		};
/* End PBXNativeTarget section */

/* Begin PBXProject section */
		57C020152778CCBA006A3252 /* Project object */ = {
			isa = PBXProject;
			attributes = {
				BuildIndependentTargetsInParallel = 1;
				LastSwiftUpdateCheck = 1320;
				LastUpgradeCheck = 1320;
				TargetAttributes = {
					57C0201C2778CCBA006A3252 = {
						CreatedOnToolsVersion = 13.2.1;
					};
					57C0202C2778CCBE006A3252 = {
						CreatedOnToolsVersion = 13.2.1;
						TestTargetID = 57C0201C2778CCBA006A3252;
					};
					57C020362778CCBE006A3252 = {
						CreatedOnToolsVersion = 13.2.1;
						TestTargetID = 57C0201C2778CCBA006A3252;
					};
				};
			};
			buildConfigurationList = 57C020182778CCBA006A3252 /* Build configuration list for PBXProject "MapExample" */;
			compatibilityVersion = "Xcode 13.0";
			developmentRegion = en;
			hasScannedForEncodings = 0;
			knownRegions = (
				en,
				Base,
			);
			mainGroup = 57C020142778CCBA006A3252;
			productRefGroup = 57C0201E2778CCBA006A3252 /* Products */;
			projectDirPath = "";
			projectRoot = "";
			targets = (
				57C0201C2778CCBA006A3252 /* MapExample */,
				57C0202C2778CCBE006A3252 /* MapExampleTests */,
				57C020362778CCBE006A3252 /* MapExampleUITests */,
			);
		};
/* End PBXProject section */

/* Begin PBXResourcesBuildPhase section */
		57C0201B2778CCBA006A3252 /* Resources */ = {
			isa = PBXResourcesBuildPhase;
			buildActionMask = 2147483647;
			files = (
				57C020282778CCBE006A3252 /* Preview Assets.xcassets in Resources */,
				57C020582778DF2F006A3252 /* Settings.bundle in Resources */,
				57C020252778CCBE006A3252 /* Assets.xcassets in Resources */,
			);
			runOnlyForDeploymentPostprocessing = 0;
		};
		57C0202B2778CCBE006A3252 /* Resources */ = {
			isa = PBXResourcesBuildPhase;
			buildActionMask = 2147483647;
			files = (
			);
			runOnlyForDeploymentPostprocessing = 0;
		};
		57C020352778CCBE006A3252 /* Resources */ = {
			isa = PBXResourcesBuildPhase;
			buildActionMask = 2147483647;
			files = (
			);
			runOnlyForDeploymentPostprocessing = 0;
		};
/* End PBXResourcesBuildPhase section */

/* Begin PBXSourcesBuildPhase section */
		57C020192778CCBA006A3252 /* Sources */ = {
			isa = PBXSourcesBuildPhase;
			buildActionMask = 2147483647;
			files = (
				57C020522778D775006A3252 /* GenericError.swift in Sources */,
				57C020232778CCBA006A3252 /* MapView.swift in Sources */,
				57C0204B2778D0E4006A3252 /* LocationViewModel.swift in Sources */,
				57C020542778D9E1006A3252 /* DefaultRegion.swift in Sources */,
				57C020632778E46B006A3252 /* LoadingState.swift in Sources */,
				57C020212778CCBA006A3252 /* MapExampleApp.swift in Sources */,
				57C0204E2778D3D5006A3252 /* Span.swift in Sources */,
				57C020562778DD7B006A3252 /* Utils.swift in Sources */,
			);
			runOnlyForDeploymentPostprocessing = 0;
		};
		57C020292778CCBE006A3252 /* Sources */ = {
			isa = PBXSourcesBuildPhase;
			buildActionMask = 2147483647;
			files = (
				57C020322778CCBE006A3252 /* MapExampleTests.swift in Sources */,
			);
			runOnlyForDeploymentPostprocessing = 0;
		};
		57C020332778CCBE006A3252 /* Sources */ = {
			isa = PBXSourcesBuildPhase;
			buildActionMask = 2147483647;
			files = (
				57C0203E2778CCBE006A3252 /* MapExampleUITestsLaunchTests.swift in Sources */,
				57C0203C2778CCBE006A3252 /* MapExampleUITests.swift in Sources */,
			);
			runOnlyForDeploymentPostprocessing = 0;
		};
/* End PBXSourcesBuildPhase section */

/* Begin PBXTargetDependency section */
		57C0202F2778CCBE006A3252 /* PBXTargetDependency */ = {
			isa = PBXTargetDependency;
			target = 57C0201C2778CCBA006A3252 /* MapExample */;
			targetProxy = 57C0202E2778CCBE006A3252 /* PBXContainerItemProxy */;
		};
		57C020392778CCBE006A3252 /* PBXTargetDependency */ = {
			isa = PBXTargetDependency;
			target = 57C0201C2778CCBA006A3252 /* MapExample */;
			targetProxy = 57C020382778CCBE006A3252 /* PBXContainerItemProxy */;
		};
/* End PBXTargetDependency section */

/* Begin XCBuildConfiguration section */
		57C0203F2778CCBE006A3252 /* Debug */ = {
			isa = XCBuildConfiguration;
			buildSettings = {
				ALWAYS_SEARCH_USER_PATHS = NO;
				CLANG_ANALYZER_NONNULL = YES;
				CLANG_ANALYZER_NUMBER_OBJECT_CONVERSION = YES_AGGRESSIVE;
				CLANG_CXX_LANGUAGE_STANDARD = "gnu++17";
				CLANG_CXX_LIBRARY = "libc++";
				CLANG_ENABLE_MODULES = YES;
				CLANG_ENABLE_OBJC_ARC = YES;
				CLANG_ENABLE_OBJC_WEAK = YES;
				CLANG_WARN_BLOCK_CAPTURE_AUTORELEASING = YES;
				CLANG_WARN_BOOL_CONVERSION = YES;
				CLANG_WARN_COMMA = YES;
				CLANG_WARN_CONSTANT_CONVERSION = YES;
				CLANG_WARN_DEPRECATED_OBJC_IMPLEMENTATIONS = YES;
				CLANG_WARN_DIRECT_OBJC_ISA_USAGE = YES_ERROR;
				CLANG_WARN_DOCUMENTATION_COMMENTS = YES;
				CLANG_WARN_EMPTY_BODY = YES;
				CLANG_WARN_ENUM_CONVERSION = YES;
				CLANG_WARN_INFINITE_RECURSION = YES;
				CLANG_WARN_INT_CONVERSION = YES;
				CLANG_WARN_NON_LITERAL_NULL_CONVERSION = YES;
				CLANG_WARN_OBJC_IMPLICIT_RETAIN_SELF = YES;
				CLANG_WARN_OBJC_LITERAL_CONVERSION = YES;
				CLANG_WARN_OBJC_ROOT_CLASS = YES_ERROR;
				CLANG_WARN_QUOTED_INCLUDE_IN_FRAMEWORK_HEADER = YES;
				CLANG_WARN_RANGE_LOOP_ANALYSIS = YES;
				CLANG_WARN_STRICT_PROTOTYPES = YES;
				CLANG_WARN_SUSPICIOUS_MOVE = YES;
				CLANG_WARN_UNGUARDED_AVAILABILITY = YES_AGGRESSIVE;
				CLANG_WARN_UNREACHABLE_CODE = YES;
				CLANG_WARN__DUPLICATE_METHOD_MATCH = YES;
				COPY_PHASE_STRIP = NO;
				DEBUG_INFORMATION_FORMAT = dwarf;
				ENABLE_STRICT_OBJC_MSGSEND = YES;
				ENABLE_TESTABILITY = YES;
				GCC_C_LANGUAGE_STANDARD = gnu11;
				GCC_DYNAMIC_NO_PIC = NO;
				GCC_NO_COMMON_BLOCKS = YES;
				GCC_OPTIMIZATION_LEVEL = 0;
				GCC_PREPROCESSOR_DEFINITIONS = (
					"DEBUG=1",
					"$(inherited)",
				);
				GCC_WARN_64_TO_32_BIT_CONVERSION = YES;
				GCC_WARN_ABOUT_RETURN_TYPE = YES_ERROR;
				GCC_WARN_UNDECLARED_SELECTOR = YES;
				GCC_WARN_UNINITIALIZED_AUTOS = YES_AGGRESSIVE;
				GCC_WARN_UNUSED_FUNCTION = YES;
				GCC_WARN_UNUSED_VARIABLE = YES;
				IPHONEOS_DEPLOYMENT_TARGET = 15.1;
				MTL_ENABLE_DEBUG_INFO = INCLUDE_SOURCE;
				MTL_FAST_MATH = YES;
				ONLY_ACTIVE_ARCH = YES;
				SDKROOT = iphoneos;
				SWIFT_ACTIVE_COMPILATION_CONDITIONS = DEBUG;
				SWIFT_OPTIMIZATION_LEVEL = "-Onone";
			};
			name = Debug;
		};
		57C020402778CCBE006A3252 /* Release */ = {
			isa = XCBuildConfiguration;
			buildSettings = {
				ALWAYS_SEARCH_USER_PATHS = NO;
				CLANG_ANALYZER_NONNULL = YES;
				CLANG_ANALYZER_NUMBER_OBJECT_CONVERSION = YES_AGGRESSIVE;
				CLANG_CXX_LANGUAGE_STANDARD = "gnu++17";
				CLANG_CXX_LIBRARY = "libc++";
				CLANG_ENABLE_MODULES = YES;
				CLANG_ENABLE_OBJC_ARC = YES;
				CLANG_ENABLE_OBJC_WEAK = YES;
				CLANG_WARN_BLOCK_CAPTURE_AUTORELEASING = YES;
				CLANG_WARN_BOOL_CONVERSION = YES;
				CLANG_WARN_COMMA = YES;
				CLANG_WARN_CONSTANT_CONVERSION = YES;
				CLANG_WARN_DEPRECATED_OBJC_IMPLEMENTATIONS = YES;
				CLANG_WARN_DIRECT_OBJC_ISA_USAGE = YES_ERROR;
				CLANG_WARN_DOCUMENTATION_COMMENTS = YES;
				CLANG_WARN_EMPTY_BODY = YES;
				CLANG_WARN_ENUM_CONVERSION = YES;
				CLANG_WARN_INFINITE_RECURSION = YES;
				CLANG_WARN_INT_CONVERSION = YES;
				CLANG_WARN_NON_LITERAL_NULL_CONVERSION = YES;
				CLANG_WARN_OBJC_IMPLICIT_RETAIN_SELF = YES;
				CLANG_WARN_OBJC_LITERAL_CONVERSION = YES;
				CLANG_WARN_OBJC_ROOT_CLASS = YES_ERROR;
				CLANG_WARN_QUOTED_INCLUDE_IN_FRAMEWORK_HEADER = YES;
				CLANG_WARN_RANGE_LOOP_ANALYSIS = YES;
				CLANG_WARN_STRICT_PROTOTYPES = YES;
				CLANG_WARN_SUSPICIOUS_MOVE = YES;
				CLANG_WARN_UNGUARDED_AVAILABILITY = YES_AGGRESSIVE;
				CLANG_WARN_UNREACHABLE_CODE = YES;
				CLANG_WARN__DUPLICATE_METHOD_MATCH = YES;
				COPY_PHASE_STRIP = NO;
				DEBUG_INFORMATION_FORMAT = "dwarf-with-dsym";
				ENABLE_NS_ASSERTIONS = NO;
				ENABLE_STRICT_OBJC_MSGSEND = YES;
				GCC_C_LANGUAGE_STANDARD = gnu11;
				GCC_NO_COMMON_BLOCKS = YES;
				GCC_WARN_64_TO_32_BIT_CONVERSION = YES;
				GCC_WARN_ABOUT_RETURN_TYPE = YES_ERROR;
				GCC_WARN_UNDECLARED_SELECTOR = YES;
				GCC_WARN_UNINITIALIZED_AUTOS = YES_AGGRESSIVE;
				GCC_WARN_UNUSED_FUNCTION = YES;
				GCC_WARN_UNUSED_VARIABLE = YES;
				IPHONEOS_DEPLOYMENT_TARGET = 15.1;
				MTL_ENABLE_DEBUG_INFO = NO;
				MTL_FAST_MATH = YES;
				SDKROOT = iphoneos;
				SWIFT_COMPILATION_MODE = wholemodule;
				SWIFT_OPTIMIZATION_LEVEL = "-O";
				VALIDATE_PRODUCT = YES;
			};
			name = Release;
		};
		57C020422778CCBE006A3252 /* Debug */ = {
			isa = XCBuildConfiguration;
			buildSettings = {
				ASSETCATALOG_COMPILER_APPICON_NAME = AppIcon;
				ASSETCATALOG_COMPILER_GLOBAL_ACCENT_COLOR_NAME = AccentColor;
				CODE_SIGN_STYLE = Automatic;
				CURRENT_PROJECT_VERSION = 1;
				DEVELOPMENT_ASSET_PATHS = "\"MapExample/App/Preview Content\"";
				DEVELOPMENT_TEAM = 5CTJ2HFF5S;
				ENABLE_PREVIEWS = YES;
				GENERATE_INFOPLIST_FILE = YES;
				INFOPLIST_FILE = MapExample/Info.plist;
				INFOPLIST_KEY_NSLocationWhenInUseUsageDescription = "Permisos de localizacion";
				INFOPLIST_KEY_UIApplicationSceneManifest_Generation = YES;
				INFOPLIST_KEY_UIApplicationSupportsIndirectInputEvents = YES;
				INFOPLIST_KEY_UILaunchScreen_Generation = YES;
				INFOPLIST_KEY_UISupportedInterfaceOrientations_iPad = "UIInterfaceOrientationPortrait UIInterfaceOrientationPortraitUpsideDown UIInterfaceOrientationLandscapeLeft UIInterfaceOrientationLandscapeRight";
				INFOPLIST_KEY_UISupportedInterfaceOrientations_iPhone = "UIInterfaceOrientationPortrait UIInterfaceOrientationLandscapeLeft UIInterfaceOrientationLandscapeRight";
				LD_RUNPATH_SEARCH_PATHS = (
					"$(inherited)",
					"@executable_path/Frameworks",
				);
				MARKETING_VERSION = 1.0;
				PRODUCT_BUNDLE_IDENTIFIER = RPedraza.MapExample;
				PRODUCT_NAME = "$(TARGET_NAME)";
				SWIFT_EMIT_LOC_STRINGS = YES;
				SWIFT_VERSION = 5.0;
				TARGETED_DEVICE_FAMILY = "1,2";
			};
			name = Debug;
		};
		57C020432778CCBE006A3252 /* Release */ = {
			isa = XCBuildConfiguration;
			buildSettings = {
				ASSETCATALOG_COMPILER_APPICON_NAME = AppIcon;
				ASSETCATALOG_COMPILER_GLOBAL_ACCENT_COLOR_NAME = AccentColor;
				CODE_SIGN_STYLE = Automatic;
				CURRENT_PROJECT_VERSION = 1;
				DEVELOPMENT_ASSET_PATHS = "\"MapExample/App/Preview Content\"";
				DEVELOPMENT_TEAM = 5CTJ2HFF5S;
				ENABLE_PREVIEWS = YES;
				GENERATE_INFOPLIST_FILE = YES;
				INFOPLIST_FILE = MapExample/Info.plist;
				INFOPLIST_KEY_NSLocationWhenInUseUsageDescription = "Permisos de localizacion";
				INFOPLIST_KEY_UIApplicationSceneManifest_Generation = YES;
				INFOPLIST_KEY_UIApplicationSupportsIndirectInputEvents = YES;
				INFOPLIST_KEY_UILaunchScreen_Generation = YES;
				INFOPLIST_KEY_UISupportedInterfaceOrientations_iPad = "UIInterfaceOrientationPortrait UIInterfaceOrientationPortraitUpsideDown UIInterfaceOrientationLandscapeLeft UIInterfaceOrientationLandscapeRight";
				INFOPLIST_KEY_UISupportedInterfaceOrientations_iPhone = "UIInterfaceOrientationPortrait UIInterfaceOrientationLandscapeLeft UIInterfaceOrientationLandscapeRight";
				LD_RUNPATH_SEARCH_PATHS = (
					"$(inherited)",
					"@executable_path/Frameworks",
				);
				MARKETING_VERSION = 1.0;
				PRODUCT_BUNDLE_IDENTIFIER = RPedraza.MapExample;
				PRODUCT_NAME = "$(TARGET_NAME)";
				SWIFT_EMIT_LOC_STRINGS = YES;
				SWIFT_VERSION = 5.0;
				TARGETED_DEVICE_FAMILY = "1,2";
			};
			name = Release;
		};
		57C020452778CCBE006A3252 /* Debug */ = {
			isa = XCBuildConfiguration;
			buildSettings = {
				ALWAYS_EMBED_SWIFT_STANDARD_LIBRARIES = YES;
				BUNDLE_LOADER = "$(TEST_HOST)";
				CODE_SIGN_STYLE = Automatic;
				CURRENT_PROJECT_VERSION = 1;
				DEVELOPMENT_TEAM = 5CTJ2HFF5S;
				GENERATE_INFOPLIST_FILE = YES;
				IPHONEOS_DEPLOYMENT_TARGET = 15.2;
				MARKETING_VERSION = 1.0;
				PRODUCT_BUNDLE_IDENTIFIER = RPedraza.MapExampleTests;
				PRODUCT_NAME = "$(TARGET_NAME)";
				SWIFT_EMIT_LOC_STRINGS = NO;
				SWIFT_VERSION = 5.0;
				TARGETED_DEVICE_FAMILY = "1,2";
				TEST_HOST = "$(BUILT_PRODUCTS_DIR)/MapExample.app/MapExample";
			};
			name = Debug;
		};
		57C020462778CCBE006A3252 /* Release */ = {
			isa = XCBuildConfiguration;
			buildSettings = {
				ALWAYS_EMBED_SWIFT_STANDARD_LIBRARIES = YES;
				BUNDLE_LOADER = "$(TEST_HOST)";
				CODE_SIGN_STYLE = Automatic;
				CURRENT_PROJECT_VERSION = 1;
				DEVELOPMENT_TEAM = 5CTJ2HFF5S;
				GENERATE_INFOPLIST_FILE = YES;
				IPHONEOS_DEPLOYMENT_TARGET = 15.2;
				MARKETING_VERSION = 1.0;
				PRODUCT_BUNDLE_IDENTIFIER = RPedraza.MapExampleTests;
				PRODUCT_NAME = "$(TARGET_NAME)";
				SWIFT_EMIT_LOC_STRINGS = NO;
				SWIFT_VERSION = 5.0;
				TARGETED_DEVICE_FAMILY = "1,2";
				TEST_HOST = "$(BUILT_PRODUCTS_DIR)/MapExample.app/MapExample";
			};
			name = Release;
		};
		57C020482778CCBE006A3252 /* Debug */ = {
			isa = XCBuildConfiguration;
			buildSettings = {
				ALWAYS_EMBED_SWIFT_STANDARD_LIBRARIES = YES;
				CODE_SIGN_STYLE = Automatic;
				CURRENT_PROJECT_VERSION = 1;
				DEVELOPMENT_TEAM = 5CTJ2HFF5S;
				GENERATE_INFOPLIST_FILE = YES;
				MARKETING_VERSION = 1.0;
				PRODUCT_BUNDLE_IDENTIFIER = RPedraza.MapExampleUITests;
				PRODUCT_NAME = "$(TARGET_NAME)";
				SWIFT_EMIT_LOC_STRINGS = NO;
				SWIFT_VERSION = 5.0;
				TARGETED_DEVICE_FAMILY = "1,2";
				TEST_TARGET_NAME = MapExample;
			};
			name = Debug;
		};
		57C020492778CCBE006A3252 /* Release */ = {
			isa = XCBuildConfiguration;
			buildSettings = {
				ALWAYS_EMBED_SWIFT_STANDARD_LIBRARIES = YES;
				CODE_SIGN_STYLE = Automatic;
				CURRENT_PROJECT_VERSION = 1;
				DEVELOPMENT_TEAM = 5CTJ2HFF5S;
				GENERATE_INFOPLIST_FILE = YES;
				MARKETING_VERSION = 1.0;
				PRODUCT_BUNDLE_IDENTIFIER = RPedraza.MapExampleUITests;
				PRODUCT_NAME = "$(TARGET_NAME)";
				SWIFT_EMIT_LOC_STRINGS = NO;
				SWIFT_VERSION = 5.0;
				TARGETED_DEVICE_FAMILY = "1,2";
				TEST_TARGET_NAME = MapExample;
			};
			name = Release;
		};
/* End XCBuildConfiguration section */

/* Begin XCConfigurationList section */
		57C020182778CCBA006A3252 /* Build configuration list for PBXProject "MapExample" */ = {
			isa = XCConfigurationList;
			buildConfigurations = (
				57C0203F2778CCBE006A3252 /* Debug */,
				57C020402778CCBE006A3252 /* Release */,
			);
			defaultConfigurationIsVisible = 0;
			defaultConfigurationName = Release;
		};
		57C020412778CCBE006A3252 /* Build configuration list for PBXNativeTarget "MapExample" */ = {
			isa = XCConfigurationList;
			buildConfigurations = (
				57C020422778CCBE006A3252 /* Debug */,
				57C020432778CCBE006A3252 /* Release */,
			);
			defaultConfigurationIsVisible = 0;
			defaultConfigurationName = Release;
		};
		57C020442778CCBE006A3252 /* Build configuration list for PBXNativeTarget "MapExampleTests" */ = {
			isa = XCConfigurationList;
			buildConfigurations = (
				57C020452778CCBE006A3252 /* Debug */,
				57C020462778CCBE006A3252 /* Release */,
			);
			defaultConfigurationIsVisible = 0;
			defaultConfigurationName = Release;
		};
		57C020472778CCBE006A3252 /* Build configuration list for PBXNativeTarget "MapExampleUITests" */ = {
			isa = XCConfigurationList;
			buildConfigurations = (
				57C020482778CCBE006A3252 /* Debug */,
				57C020492778CCBE006A3252 /* Release */,
			);
			defaultConfigurationIsVisible = 0;
			defaultConfigurationName = Release;
		};
/* End XCConfigurationList section */
	};
	rootObject = 57C020152778CCBA006A3252 /* Project object */;
}
